
Microsoft Visual Studio Solution File, Format Version 12.00
# Visual Studio Version 16
VisualStudioVersion = 16.0.29806.167
MinimumVisualStudioVersion = 10.0.40219.1
Project("{9A19103F-16F7-4668-BE54-9A1E7A4F7556}") = "LRPManagement", "LRPManagement\LRPManagement.csproj", "{6CA4E3A4-0E28-4BAC-BE41-2D7042BF4828}"
EndProject
Project("{FAE04EC0-301F-11D3-BF4B-00C04F79EFBC}") = "AuthorisationServer", "AuthorisationServer\AuthorisationServer.csproj", "{70BDE268-E05C-4491-B608-FD1B833364BE}"
EndProject
Global
	GlobalSection(SolutionConfigurationPlatforms) = preSolution
		Debug|Any CPU = Debug|Any CPU
		Release|Any CPU = Release|Any CPU
	EndGlobalSection
	GlobalSection(ProjectConfigurationPlatforms) = postSolution
		{6CA4E3A4-0E28-4BAC-BE41-2D7042BF4828}.Debug|Any CPU.ActiveCfg = Debug|Any CPU
		{6CA4E3A4-0E28-4BAC-BE41-2D7042BF4828}.Debug|Any CPU.Build.0 = Debug|Any CPU
		{6CA4E3A4-0E28-4BAC-BE41-2D7042BF4828}.Release|Any CPU.ActiveCfg = Release|Any CPU
		{6CA4E3A4-0E28-4BAC-BE41-2D7042BF4828}.Release|Any CPU.Build.0 = Release|Any CPU
		{70BDE268-E05C-4491-B608-FD1B833364BE}.Debug|Any CPU.ActiveCfg = Debug|Any CPU
		{70BDE268-E05C-4491-B608-FD1B833364BE}.Debug|Any CPU.Build.0 = Debug|Any CPU
		{70BDE268-E05C-4491-B608-FD1B833364BE}.Release|Any CPU.ActiveCfg = Release|Any CPU
		{70BDE268-E05C-4491-B608-FD1B833364BE}.Release|Any CPU.Build.0 = Release|Any CPU
	EndGlobalSection
	GlobalSection(SolutionProperties) = preSolution
		HideSolutionNode = FALSE
	EndGlobalSection
	GlobalSection(ExtensibilityGlobals) = postSolution
		SolutionGuid = {86950617-D499-4116-B5D1-2EC10556F08D}
	EndGlobalSection
EndGlobal
