Microsoft Visual Studio Solution File, Format Version 12.00
# Visual Studio Version 16
VisualStudioVersion = 16.0.29806.167
MinimumVisualStudioVersion = 10.0.40219.1
Project("{9A19103F-16F7-4668-BE54-9A1E7A4F7556}") = "LRPManagement", "LRPManagement\LRPManagement.csproj", "{6CA4E3A4-0E28-4BAC-BE41-2D7042BF4828}"
EndProject
Project("{9A19103F-16F7-4668-BE54-9A1E7A4F7556}") = "LRP.Players", "LRP.Players\LRP.Players.csproj", "{C6F90014-AC4C-4E67-A311-9B5E8702215D}"
EndProject
Project("{9A19103F-16F7-4668-BE54-9A1E7A4F7556}") = "LRP.Characters", "LRP.Characters\LRP.Characters.csproj", "{AE711167-F8C6-4E74-A3AE-AD6C83B6EF02}"
EndProject
Project("{9A19103F-16F7-4668-BE54-9A1E7A4F7556}") = "LRP.Skills", "LRP.Skills\LRP.Skills.csproj", "{12EF9950-03AE-4282-BB46-79DFFA81E75A}"
EndProject
Project("{9A19103F-16F7-4668-BE54-9A1E7A4F7556}") = "LRP.Characters.Tests", "LRP.Characters.Tests\LRP.Characters.Tests.csproj", "{82EC41F7-CAFE-47E2-B079-868F45444E3D}"
EndProject
Project("{9A19103F-16F7-4668-BE54-9A1E7A4F7556}") = "LRP.Players.Tests", "LRP.Players.Tests\LRP.Players.Tests.csproj", "{C697D4A0-948D-4B87-8A47-AEAEA4A1221A}"
EndProject
Project("{9A19103F-16F7-4668-BE54-9A1E7A4F7556}") = "LRP.Skills.Tests", "LRP.Skills.Tests\LRP.Skills.Tests.csproj", "{5C46634A-92C6-4734-A7FE-A3C31D88212C}"
EndProject
Project("{9A19103F-16F7-4668-BE54-9A1E7A4F7556}") = "DTO", "DTO\DTO.csproj", "{48AF3313-95A4-431D-A293-8A50460E741C}"
EndProject
Project("{FAE04EC0-301F-11D3-BF4B-00C04F79EFBC}") = "LRP.Items", "LRP.Items\LRP.Items.csproj", "{31E2A66D-62C2-491B-AC6A-1D87ED1B6133}"
EndProject
Global
	GlobalSection(SolutionConfigurationPlatforms) = preSolution
		Debug|Any CPU = Debug|Any CPU
		Release|Any CPU = Release|Any CPU
	EndGlobalSection
	GlobalSection(ProjectConfigurationPlatforms) = postSolution
		{6CA4E3A4-0E28-4BAC-BE41-2D7042BF4828}.Debug|Any CPU.ActiveCfg = Debug|Any CPU
		{6CA4E3A4-0E28-4BAC-BE41-2D7042BF4828}.Debug|Any CPU.Build.0 = Debug|Any CPU
		{6CA4E3A4-0E28-4BAC-BE41-2D7042BF4828}.Release|Any CPU.ActiveCfg = Release|Any CPU
		{6CA4E3A4-0E28-4BAC-BE41-2D7042BF4828}.Release|Any CPU.Build.0 = Release|Any CPU
		{C6F90014-AC4C-4E67-A311-9B5E8702215D}.Debug|Any CPU.ActiveCfg = Debug|Any CPU
		{C6F90014-AC4C-4E67-A311-9B5E8702215D}.Debug|Any CPU.Build.0 = Debug|Any CPU
		{C6F90014-AC4C-4E67-A311-9B5E8702215D}.Release|Any CPU.ActiveCfg = Release|Any CPU
		{C6F90014-AC4C-4E67-A311-9B5E8702215D}.Release|Any CPU.Build.0 = Release|Any CPU
		{AE711167-F8C6-4E74-A3AE-AD6C83B6EF02}.Debug|Any CPU.ActiveCfg = Debug|Any CPU
		{AE711167-F8C6-4E74-A3AE-AD6C83B6EF02}.Debug|Any CPU.Build.0 = Debug|Any CPU
		{AE711167-F8C6-4E74-A3AE-AD6C83B6EF02}.Release|Any CPU.ActiveCfg = Release|Any CPU
		{AE711167-F8C6-4E74-A3AE-AD6C83B6EF02}.Release|Any CPU.Build.0 = Release|Any CPU
		{12EF9950-03AE-4282-BB46-79DFFA81E75A}.Debug|Any CPU.ActiveCfg = Debug|Any CPU
		{12EF9950-03AE-4282-BB46-79DFFA81E75A}.Debug|Any CPU.Build.0 = Debug|Any CPU
		{12EF9950-03AE-4282-BB46-79DFFA81E75A}.Release|Any CPU.ActiveCfg = Release|Any CPU
		{12EF9950-03AE-4282-BB46-79DFFA81E75A}.Release|Any CPU.Build.0 = Release|Any CPU
		{82EC41F7-CAFE-47E2-B079-868F45444E3D}.Debug|Any CPU.ActiveCfg = Debug|Any CPU
		{82EC41F7-CAFE-47E2-B079-868F45444E3D}.Debug|Any CPU.Build.0 = Debug|Any CPU
		{82EC41F7-CAFE-47E2-B079-868F45444E3D}.Release|Any CPU.ActiveCfg = Release|Any CPU
		{82EC41F7-CAFE-47E2-B079-868F45444E3D}.Release|Any CPU.Build.0 = Release|Any CPU
		{C697D4A0-948D-4B87-8A47-AEAEA4A1221A}.Debug|Any CPU.ActiveCfg = Debug|Any CPU
		{C697D4A0-948D-4B87-8A47-AEAEA4A1221A}.Debug|Any CPU.Build.0 = Debug|Any CPU
		{C697D4A0-948D-4B87-8A47-AEAEA4A1221A}.Release|Any CPU.ActiveCfg = Release|Any CPU
		{C697D4A0-948D-4B87-8A47-AEAEA4A1221A}.Release|Any CPU.Build.0 = Release|Any CPU
		{5C46634A-92C6-4734-A7FE-A3C31D88212C}.Debug|Any CPU.ActiveCfg = Debug|Any CPU
		{5C46634A-92C6-4734-A7FE-A3C31D88212C}.Debug|Any CPU.Build.0 = Debug|Any CPU
		{5C46634A-92C6-4734-A7FE-A3C31D88212C}.Release|Any CPU.ActiveCfg = Release|Any CPU
		{5C46634A-92C6-4734-A7FE-A3C31D88212C}.Release|Any CPU.Build.0 = Release|Any CPU
		{48AF3313-95A4-431D-A293-8A50460E741C}.Debug|Any CPU.ActiveCfg = Debug|Any CPU
		{48AF3313-95A4-431D-A293-8A50460E741C}.Debug|Any CPU.Build.0 = Debug|Any CPU
		{48AF3313-95A4-431D-A293-8A50460E741C}.Release|Any CPU.ActiveCfg = Release|Any CPU
		{48AF3313-95A4-431D-A293-8A50460E741C}.Release|Any CPU.Build.0 = Release|Any CPU
		{31E2A66D-62C2-491B-AC6A-1D87ED1B6133}.Debug|Any CPU.ActiveCfg = Debug|Any CPU
		{31E2A66D-62C2-491B-AC6A-1D87ED1B6133}.Debug|Any CPU.Build.0 = Debug|Any CPU
		{31E2A66D-62C2-491B-AC6A-1D87ED1B6133}.Release|Any CPU.ActiveCfg = Release|Any CPU
		{31E2A66D-62C2-491B-AC6A-1D87ED1B6133}.Release|Any CPU.Build.0 = Release|Any CPU
	EndGlobalSection
	GlobalSection(SolutionProperties) = preSolution
		HideSolutionNode = FALSE
	EndGlobalSection
	GlobalSection(ExtensibilityGlobals) = postSolution
		SolutionGuid = {86950617-D499-4116-B5D1-2EC10556F08D}
	EndGlobalSection
EndGlobal
